
Microsoft Visual Studio Solution File, Format Version 12.00
# Visual Studio Version 17
VisualStudioVersion = 17.0.32112.339
MinimumVisualStudioVersion = 10.0.40219.1
Project("{FAE04EC0-301F-11D3-BF4B-00C04F79EFBC}") = "PZ1-WPF", "PZ1-WPF\PZ1-WPF.csproj", "{5EFC3021-7306-4E0E-A626-5E9D4BA65FFE}"
EndProject
Global
	GlobalSection(SolutionConfigurationPlatforms) = preSolution
		Debug|Any CPU = Debug|Any CPU
		Release|Any CPU = Release|Any CPU
	EndGlobalSection
	GlobalSection(ProjectConfigurationPlatforms) = postSolution
		{5EFC3021-7306-4E0E-A626-5E9D4BA65FFE}.Debug|Any CPU.ActiveCfg = Debug|Any CPU
		{5EFC3021-7306-4E0E-A626-5E9D4BA65FFE}.Debug|Any CPU.Build.0 = Debug|Any CPU
		{5EFC3021-7306-4E0E-A626-5E9D4BA65FFE}.Release|Any CPU.ActiveCfg = Release|Any CPU
		{5EFC3021-7306-4E0E-A626-5E9D4BA65FFE}.Release|Any CPU.Build.0 = Release|Any CPU
	EndGlobalSection
	GlobalSection(SolutionProperties) = preSolution
		HideSolutionNode = FALSE
	EndGlobalSection
	GlobalSection(ExtensibilityGlobals) = postSolution
		SolutionGuid = {404EB947-2272-4D42-B13C-0A60263F6337}
	EndGlobalSection
EndGlobal
